
Microsoft Visual Studio Solution File, Format Version 12.00
# Visual Studio 15
VisualStudioVersion = 15.0.26124.0
MinimumVisualStudioVersion = 15.0.26124.0
Project("{FAE04EC0-301F-11D3-BF4B-00C04F79EFBC}") = "HopfieldNetwork", "HopfieldNetwork\HopfieldNetwork.csproj", "{24E7A189-422C-4AA6-8E47-2868E3CF89B9}"
EndProject
Project("{FAE04EC0-301F-11D3-BF4B-00C04F79EFBC}") = "HopfieldNetworkTesting", "HopfieldNetworkTesting\HopfieldNetworkTesting.csproj", "{C50967EC-B740-438C-95FC-0EF2F925698E}"
EndProject
Global
	GlobalSection(SolutionConfigurationPlatforms) = preSolution
		Debug|Any CPU = Debug|Any CPU
		Debug|x64 = Debug|x64
		Debug|x86 = Debug|x86
		Release|Any CPU = Release|Any CPU
		Release|x64 = Release|x64
		Release|x86 = Release|x86
	EndGlobalSection
	GlobalSection(SolutionProperties) = preSolution
		HideSolutionNode = FALSE
	EndGlobalSection
	GlobalSection(ProjectConfigurationPlatforms) = postSolution
		{24E7A189-422C-4AA6-8E47-2868E3CF89B9}.Debug|Any CPU.ActiveCfg = Debug|Any CPU
		{24E7A189-422C-4AA6-8E47-2868E3CF89B9}.Debug|Any CPU.Build.0 = Debug|Any CPU
		{24E7A189-422C-4AA6-8E47-2868E3CF89B9}.Debug|x64.ActiveCfg = Debug|Any CPU
		{24E7A189-422C-4AA6-8E47-2868E3CF89B9}.Debug|x64.Build.0 = Debug|Any CPU
		{24E7A189-422C-4AA6-8E47-2868E3CF89B9}.Debug|x86.ActiveCfg = Debug|Any CPU
		{24E7A189-422C-4AA6-8E47-2868E3CF89B9}.Debug|x86.Build.0 = Debug|Any CPU
		{24E7A189-422C-4AA6-8E47-2868E3CF89B9}.Release|Any CPU.ActiveCfg = Release|Any CPU
		{24E7A189-422C-4AA6-8E47-2868E3CF89B9}.Release|Any CPU.Build.0 = Release|Any CPU
		{24E7A189-422C-4AA6-8E47-2868E3CF89B9}.Release|x64.ActiveCfg = Release|Any CPU
		{24E7A189-422C-4AA6-8E47-2868E3CF89B9}.Release|x64.Build.0 = Release|Any CPU
		{24E7A189-422C-4AA6-8E47-2868E3CF89B9}.Release|x86.ActiveCfg = Release|Any CPU
		{24E7A189-422C-4AA6-8E47-2868E3CF89B9}.Release|x86.Build.0 = Release|Any CPU
		{C50967EC-B740-438C-95FC-0EF2F925698E}.Debug|Any CPU.ActiveCfg = Debug|Any CPU
		{C50967EC-B740-438C-95FC-0EF2F925698E}.Debug|Any CPU.Build.0 = Debug|Any CPU
		{C50967EC-B740-438C-95FC-0EF2F925698E}.Debug|x64.ActiveCfg = Debug|Any CPU
		{C50967EC-B740-438C-95FC-0EF2F925698E}.Debug|x64.Build.0 = Debug|Any CPU
		{C50967EC-B740-438C-95FC-0EF2F925698E}.Debug|x86.ActiveCfg = Debug|Any CPU
		{C50967EC-B740-438C-95FC-0EF2F925698E}.Debug|x86.Build.0 = Debug|Any CPU
		{C50967EC-B740-438C-95FC-0EF2F925698E}.Release|Any CPU.ActiveCfg = Release|Any CPU
		{C50967EC-B740-438C-95FC-0EF2F925698E}.Release|Any CPU.Build.0 = Release|Any CPU
		{C50967EC-B740-438C-95FC-0EF2F925698E}.Release|x64.ActiveCfg = Release|Any CPU
		{C50967EC-B740-438C-95FC-0EF2F925698E}.Release|x64.Build.0 = Release|Any CPU
		{C50967EC-B740-438C-95FC-0EF2F925698E}.Release|x86.ActiveCfg = Release|Any CPU
		{C50967EC-B740-438C-95FC-0EF2F925698E}.Release|x86.Build.0 = Release|Any CPU
	EndGlobalSection
EndGlobal
